
Microsoft Visual Studio Solution File, Format Version 12.00
# Visual Studio 2012
Project("{FAE04EC0-301F-11D3-BF4B-00C04F79EFBC}") = "BMICalculator", "BMICalculator\BMICalculator.csproj", "{2CB92441-964B-4B36-8E8A-02530FFF443A}"
EndProject
Global
	GlobalSection(SolutionConfigurationPlatforms) = preSolution
		Debug|iPhoneSimulator = Debug|iPhoneSimulator
		Release|iPhone = Release|iPhone
		Release|iPhoneSimulator = Release|iPhoneSimulator
		Debug|iPhone = Debug|iPhone
	EndGlobalSection
	GlobalSection(ProjectConfigurationPlatforms) = postSolution
		{2CB92441-964B-4B36-8E8A-02530FFF443A}.Debug|iPhoneSimulator.ActiveCfg = Debug|iPhoneSimulator
		{2CB92441-964B-4B36-8E8A-02530FFF443A}.Debug|iPhoneSimulator.Build.0 = Debug|iPhoneSimulator
		{2CB92441-964B-4B36-8E8A-02530FFF443A}.Release|iPhone.ActiveCfg = Release|iPhone
		{2CB92441-964B-4B36-8E8A-02530FFF443A}.Release|iPhone.Build.0 = Release|iPhone
		{2CB92441-964B-4B36-8E8A-02530FFF443A}.Release|iPhoneSimulator.ActiveCfg = Release|iPhoneSimulator
		{2CB92441-964B-4B36-8E8A-02530FFF443A}.Release|iPhoneSimulator.Build.0 = Release|iPhoneSimulator
		{2CB92441-964B-4B36-8E8A-02530FFF443A}.Debug|iPhone.ActiveCfg = Debug|iPhone
		{2CB92441-964B-4B36-8E8A-02530FFF443A}.Debug|iPhone.Build.0 = Debug|iPhone
	EndGlobalSection
EndGlobal
